// !$*UTF8*$!
{
	archiveVersion = 1;
	classes = {
	};
	objectVersion = 46;
	objects = {

/* Begin PBXBuildFile section */
		3313BBEE1A94AA8B00DC7B5E /* UIColor+Hex.swift in Sources */ = {isa = PBXBuildFile; fileRef = 3313BBED1A94AA8B00DC7B5E /* UIColor+Hex.swift */; };
		3328FD4E1A8C32AF00AAE017 /* STPolylineRenderer.swift in Sources */ = {isa = PBXBuildFile; fileRef = 3328FD4D1A8C32AF00AAE017 /* STPolylineRenderer.swift */; };
		3328FD501A8C45B100AAE017 /* STPolygonRenderer.swift in Sources */ = {isa = PBXBuildFile; fileRef = 3328FD4F1A8C45B100AAE017 /* STPolygonRenderer.swift */; };
		3328FD541A8C4E9500AAE017 /* STPolygon.swift in Sources */ = {isa = PBXBuildFile; fileRef = 3328FD531A8C4E9500AAE017 /* STPolygon.swift */; };
		332E8ACD1A830B150006FC21 /* STWebViewController.swift in Sources */ = {isa = PBXBuildFile; fileRef = 332E8ACC1A830B150006FC21 /* STWebViewController.swift */; };
		332E8ACF1A830E490006FC21 /* STWebViewController.xib in Resources */ = {isa = PBXBuildFile; fileRef = 332E8ACE1A830E490006FC21 /* STWebViewController.xib */; };
		333D82C61A7733130077C607 /* STShuttleAnnotationView.swift in Sources */ = {isa = PBXBuildFile; fileRef = 333D82C51A7733130077C607 /* STShuttleAnnotationView.swift */; };
		334338621A6D4E3C005AE689 /* STMapViewController.swift in Sources */ = {isa = PBXBuildFile; fileRef = 334338611A6D4E3C005AE689 /* STMapViewController.swift */; };
		334338641A6D50AD005AE689 /* STMasterTableViewController.swift in Sources */ = {isa = PBXBuildFile; fileRef = 334338631A6D50AD005AE689 /* STMasterTableViewController.swift */; };
		334338661A6D77DB005AE689 /* MapKit.framework in Frameworks */ = {isa = PBXBuildFile; fileRef = 334338651A6D77DB005AE689 /* MapKit.framework */; };
		338B849E1A6CB6D500B20258 /* STAppDelegate.swift in Sources */ = {isa = PBXBuildFile; fileRef = 338B849D1A6CB6D500B20258 /* STAppDelegate.swift */; };
		338B84A31A6CB6D500B20258 /* Main.storyboard in Resources */ = {isa = PBXBuildFile; fileRef = 338B84A11A6CB6D500B20258 /* Main.storyboard */; };
		338B84A51A6CB6D500B20258 /* Images.xcassets in Resources */ = {isa = PBXBuildFile; fileRef = 338B84A41A6CB6D500B20258 /* Images.xcassets */; };
		338B84A81A6CB6D500B20258 /* LaunchScreen.xib in Resources */ = {isa = PBXBuildFile; fileRef = 338B84A61A6CB6D500B20258 /* LaunchScreen.xib */; };
		338B84B41A6CB6D500B20258 /* Shuttle_Tracker__Swift_Tests.swift in Sources */ = {isa = PBXBuildFile; fileRef = 338B84B31A6CB6D500B20258 /* Shuttle_Tracker__Swift_Tests.swift */; };
		33E28CBF1A8D8E1F001778CE /* STPolyline.swift in Sources */ = {isa = PBXBuildFile; fileRef = 33E28CBE1A8D8E1F001778CE /* STPolyline.swift */; };
		33FC588C1A73EBFE002505D5 /* STRemoteConfigurationManager.swift in Sources */ = {isa = PBXBuildFile; fileRef = 33FC588B1A73EBFE002505D5 /* STRemoteConfigurationManager.swift */; };
		33FC588E1A73FBCA002505D5 /* BaseDefaults.plist in Resources */ = {isa = PBXBuildFile; fileRef = 33FC588D1A73FBCA002505D5 /* BaseDefaults.plist */; };
		33FC58901A743332002505D5 /* NSNotificationCenter+RemoteConfiguration.swift in Sources */ = {isa = PBXBuildFile; fileRef = 33FC588F1A743332002505D5 /* NSNotificationCenter+RemoteConfiguration.swift */; };
		33FC58C21A748735002505D5 /* STShuttleDataManager.swift in Sources */ = {isa = PBXBuildFile; fileRef = 33FC58C11A748735002505D5 /* STShuttleDataManager.swift */; };
		33FC58C41A74941F002505D5 /* STShuttle.swift in Sources */ = {isa = PBXBuildFile; fileRef = 33FC58C31A74941F002505D5 /* STShuttle.swift */; };
		815B1C4FEC9B348E66BEEA58 /* Pods.framework in Frameworks */ = {isa = PBXBuildFile; fileRef = 23D462BEAC3BE6FEC16840B5 /* Pods.framework */; settings = {ATTRIBUTES = (Weak, ); }; };
/* End PBXBuildFile section */

/* Begin PBXContainerItemProxy section */
		338B84AE1A6CB6D500B20258 /* PBXContainerItemProxy */ = {
			isa = PBXContainerItemProxy;
			containerPortal = 338B84901A6CB6D500B20258 /* Project object */;
			proxyType = 1;
			remoteGlobalIDString = 338B84971A6CB6D500B20258;
			remoteInfo = "Shuttle Tracker (Swift)";
		};
/* End PBXContainerItemProxy section */

/* Begin PBXFileReference section */
		23D462BEAC3BE6FEC16840B5 /* Pods.framework */ = {isa = PBXFileReference; explicitFileType = wrapper.framework; includeInIndex = 0; path = Pods.framework; sourceTree = BUILT_PRODUCTS_DIR; };
		3313BBED1A94AA8B00DC7B5E /* UIColor+Hex.swift */ = {isa = PBXFileReference; fileEncoding = 4; lastKnownFileType = sourcecode.swift; path = "UIColor+Hex.swift"; sourceTree = "<group>"; };
		3328FD4D1A8C32AF00AAE017 /* STPolylineRenderer.swift */ = {isa = PBXFileReference; fileEncoding = 4; lastKnownFileType = sourcecode.swift; path = STPolylineRenderer.swift; sourceTree = "<group>"; };
		3328FD4F1A8C45B100AAE017 /* STPolygonRenderer.swift */ = {isa = PBXFileReference; fileEncoding = 4; lastKnownFileType = sourcecode.swift; path = STPolygonRenderer.swift; sourceTree = "<group>"; };
		3328FD531A8C4E9500AAE017 /* STPolygon.swift */ = {isa = PBXFileReference; fileEncoding = 4; lastKnownFileType = sourcecode.swift; path = STPolygon.swift; sourceTree = "<group>"; };
		332E8ACC1A830B150006FC21 /* STWebViewController.swift */ = {isa = PBXFileReference; fileEncoding = 4; lastKnownFileType = sourcecode.swift; path = STWebViewController.swift; sourceTree = "<group>"; };
		332E8ACE1A830E490006FC21 /* STWebViewController.xib */ = {isa = PBXFileReference; fileEncoding = 4; lastKnownFileType = file.xib; path = STWebViewController.xib; sourceTree = "<group>"; };
		333D82C51A7733130077C607 /* STShuttleAnnotationView.swift */ = {isa = PBXFileReference; fileEncoding = 4; lastKnownFileType = sourcecode.swift; path = STShuttleAnnotationView.swift; sourceTree = "<group>"; };
		3343385E1A6CC9FA005AE689 /* ST-Bridging-Header.h */ = {isa = PBXFileReference; lastKnownFileType = sourcecode.c.h; path = "ST-Bridging-Header.h"; sourceTree = "<group>"; };
		334338611A6D4E3C005AE689 /* STMapViewController.swift */ = {isa = PBXFileReference; fileEncoding = 4; lastKnownFileType = sourcecode.swift; path = STMapViewController.swift; sourceTree = "<group>"; };
		334338631A6D50AD005AE689 /* STMasterTableViewController.swift */ = {isa = PBXFileReference; fileEncoding = 4; lastKnownFileType = sourcecode.swift; path = STMasterTableViewController.swift; sourceTree = "<group>"; };
		334338651A6D77DB005AE689 /* MapKit.framework */ = {isa = PBXFileReference; lastKnownFileType = wrapper.framework; name = MapKit.framework; path = System/Library/Frameworks/MapKit.framework; sourceTree = SDKROOT; };
		338B84981A6CB6D500B20258 /* Shuttle Tracker.app */ = {isa = PBXFileReference; explicitFileType = wrapper.application; includeInIndex = 0; path = "Shuttle Tracker.app"; sourceTree = BUILT_PRODUCTS_DIR; };
		338B849C1A6CB6D500B20258 /* Info.plist */ = {isa = PBXFileReference; lastKnownFileType = text.plist.xml; path = Info.plist; sourceTree = "<group>"; };
		338B849D1A6CB6D500B20258 /* STAppDelegate.swift */ = {isa = PBXFileReference; lastKnownFileType = sourcecode.swift; path = STAppDelegate.swift; sourceTree = "<group>"; };
		338B84A21A6CB6D500B20258 /* Base */ = {isa = PBXFileReference; lastKnownFileType = file.storyboard; name = Base; path = Base.lproj/Main.storyboard; sourceTree = "<group>"; };
		338B84A41A6CB6D500B20258 /* Images.xcassets */ = {isa = PBXFileReference; lastKnownFileType = folder.assetcatalog; path = Images.xcassets; sourceTree = "<group>"; };
		338B84A71A6CB6D500B20258 /* Base */ = {isa = PBXFileReference; lastKnownFileType = file.xib; name = Base; path = Base.lproj/LaunchScreen.xib; sourceTree = "<group>"; };
		338B84AD1A6CB6D500B20258 /* Shuttle Tracker (Swift)Tests.xctest */ = {isa = PBXFileReference; explicitFileType = wrapper.cfbundle; includeInIndex = 0; path = "Shuttle Tracker (Swift)Tests.xctest"; sourceTree = BUILT_PRODUCTS_DIR; };
		338B84B21A6CB6D500B20258 /* Info.plist */ = {isa = PBXFileReference; lastKnownFileType = text.plist.xml; path = Info.plist; sourceTree = "<group>"; };
		338B84B31A6CB6D500B20258 /* Shuttle_Tracker__Swift_Tests.swift */ = {isa = PBXFileReference; lastKnownFileType = sourcecode.swift; path = Shuttle_Tracker__Swift_Tests.swift; sourceTree = "<group>"; };
		33C46B981A8711E500A51E93 /* README.md */ = {isa = PBXFileReference; fileEncoding = 4; lastKnownFileType = net.daringfireball.markdown; path = README.md; sourceTree = SOURCE_ROOT; };
		33E28CBE1A8D8E1F001778CE /* STPolyline.swift */ = {isa = PBXFileReference; fileEncoding = 4; lastKnownFileType = sourcecode.swift; path = STPolyline.swift; sourceTree = "<group>"; };
		33FC588B1A73EBFE002505D5 /* STRemoteConfigurationManager.swift */ = {isa = PBXFileReference; fileEncoding = 4; lastKnownFileType = sourcecode.swift; path = STRemoteConfigurationManager.swift; sourceTree = "<group>"; };
		33FC588D1A73FBCA002505D5 /* BaseDefaults.plist */ = {isa = PBXFileReference; fileEncoding = 4; lastKnownFileType = text.plist.xml; path = BaseDefaults.plist; sourceTree = "<group>"; };
		33FC588F1A743332002505D5 /* NSNotificationCenter+RemoteConfiguration.swift */ = {isa = PBXFileReference; fileEncoding = 4; lastKnownFileType = sourcecode.swift; path = "NSNotificationCenter+RemoteConfiguration.swift"; sourceTree = "<group>"; };
		33FC58C11A748735002505D5 /* STShuttleDataManager.swift */ = {isa = PBXFileReference; fileEncoding = 4; lastKnownFileType = sourcecode.swift; path = STShuttleDataManager.swift; sourceTree = "<group>"; };
		33FC58C31A74941F002505D5 /* STShuttle.swift */ = {isa = PBXFileReference; fileEncoding = 4; lastKnownFileType = sourcecode.swift; path = STShuttle.swift; sourceTree = "<group>"; };
		3AF6AFB84FEBB310F90745AE /* Pods.debug.xcconfig */ = {isa = PBXFileReference; includeInIndex = 1; lastKnownFileType = text.xcconfig; name = Pods.debug.xcconfig; path = "Pods/Target Support Files/Pods/Pods.debug.xcconfig"; sourceTree = "<group>"; };
		E02B4E3073CD16D6307FCF11 /* Pods.release.xcconfig */ = {isa = PBXFileReference; includeInIndex = 1; lastKnownFileType = text.xcconfig; name = Pods.release.xcconfig; path = "Pods/Target Support Files/Pods/Pods.release.xcconfig"; sourceTree = "<group>"; };
/* End PBXFileReference section */

/* Begin PBXFrameworksBuildPhase section */
		338B84951A6CB6D500B20258 /* Frameworks */ = {
			isa = PBXFrameworksBuildPhase;
			buildActionMask = 2147483647;
			files = (
				334338661A6D77DB005AE689 /* MapKit.framework in Frameworks */,
				815B1C4FEC9B348E66BEEA58 /* Pods.framework in Frameworks */,
			);
			runOnlyForDeploymentPostprocessing = 0;
		};
		338B84AA1A6CB6D500B20258 /* Frameworks */ = {
			isa = PBXFrameworksBuildPhase;
			buildActionMask = 2147483647;
			files = (
			);
			runOnlyForDeploymentPostprocessing = 0;
		};
/* End PBXFrameworksBuildPhase section */

/* Begin PBXGroup section */
		338B848F1A6CB6D500B20258 = {
			isa = PBXGroup;
			children = (
				338B849A1A6CB6D500B20258 /* Shuttle Tracker (Swift) */,
				338B84B01A6CB6D500B20258 /* Shuttle Tracker (Swift)Tests */,
				338B84991A6CB6D500B20258 /* Products */,
				9B46CE9D6AD0FA285861F5A8 /* Pods */,
				647DF6555ACE503754367504 /* Frameworks */,
			);
			sourceTree = "<group>";
		};
		338B84991A6CB6D500B20258 /* Products */ = {
			isa = PBXGroup;
			children = (
				338B84981A6CB6D500B20258 /* Shuttle Tracker.app */,
				338B84AD1A6CB6D500B20258 /* Shuttle Tracker (Swift)Tests.xctest */,
			);
			name = Products;
			sourceTree = "<group>";
		};
		338B849A1A6CB6D500B20258 /* Shuttle Tracker (Swift) */ = {
			isa = PBXGroup;
			children = (
				33FC588F1A743332002505D5 /* NSNotificationCenter+RemoteConfiguration.swift */,
				3313BBED1A94AA8B00DC7B5E /* UIColor+Hex.swift */,
				338B849D1A6CB6D500B20258 /* STAppDelegate.swift */,
				334338611A6D4E3C005AE689 /* STMapViewController.swift */,
				334338631A6D50AD005AE689 /* STMasterTableViewController.swift */,
				3328FD531A8C4E9500AAE017 /* STPolygon.swift */,
				3328FD4F1A8C45B100AAE017 /* STPolygonRenderer.swift */,
				33E28CBE1A8D8E1F001778CE /* STPolyline.swift */,
				3328FD4D1A8C32AF00AAE017 /* STPolylineRenderer.swift */,
				33FC588B1A73EBFE002505D5 /* STRemoteConfigurationManager.swift */,
				33FC58C31A74941F002505D5 /* STShuttle.swift */,
				333D82C51A7733130077C607 /* STShuttleAnnotationView.swift */,
				33FC58C11A748735002505D5 /* STShuttleDataManager.swift */,
				332E8ACC1A830B150006FC21 /* STWebViewController.swift */,
				332E8ACE1A830E490006FC21 /* STWebViewController.xib */,
				338B84A11A6CB6D500B20258 /* Main.storyboard */,
				338B84A41A6CB6D500B20258 /* Images.xcassets */,
				338B84A61A6CB6D500B20258 /* LaunchScreen.xib */,
				338B849B1A6CB6D500B20258 /* Supporting Files */,
			);
			path = "Shuttle Tracker (Swift)";
			sourceTree = "<group>";
		};
		338B849B1A6CB6D500B20258 /* Supporting Files */ = {
			isa = PBXGroup;
			children = (
				33FC588D1A73FBCA002505D5 /* BaseDefaults.plist */,
				338B849C1A6CB6D500B20258 /* Info.plist */,
				33C46B981A8711E500A51E93 /* README.md */,
				3343385E1A6CC9FA005AE689 /* ST-Bridging-Header.h */,
			);
			name = "Supporting Files";
			sourceTree = "<group>";
		};
		338B84B01A6CB6D500B20258 /* Shuttle Tracker (Swift)Tests */ = {
			isa = PBXGroup;
			children = (
				338B84B31A6CB6D500B20258 /* Shuttle_Tracker__Swift_Tests.swift */,
				338B84B11A6CB6D500B20258 /* Supporting Files */,
			);
			path = "Shuttle Tracker (Swift)Tests";
			sourceTree = "<group>";
		};
		338B84B11A6CB6D500B20258 /* Supporting Files */ = {
			isa = PBXGroup;
			children = (
				338B84B21A6CB6D500B20258 /* Info.plist */,
			);
			name = "Supporting Files";
			sourceTree = "<group>";
		};
		647DF6555ACE503754367504 /* Frameworks */ = {
			isa = PBXGroup;
			children = (
				334338651A6D77DB005AE689 /* MapKit.framework */,
				23D462BEAC3BE6FEC16840B5 /* Pods.framework */,
			);
			name = Frameworks;
			sourceTree = "<group>";
		};
		9B46CE9D6AD0FA285861F5A8 /* Pods */ = {
			isa = PBXGroup;
			children = (
				3AF6AFB84FEBB310F90745AE /* Pods.debug.xcconfig */,
				E02B4E3073CD16D6307FCF11 /* Pods.release.xcconfig */,
			);
			name = Pods;
			sourceTree = "<group>";
		};
/* End PBXGroup section */

/* Begin PBXNativeTarget section */
		338B84971A6CB6D500B20258 /* Shuttle Tracker */ = {
			isa = PBXNativeTarget;
			buildConfigurationList = 338B84B71A6CB6D500B20258 /* Build configuration list for PBXNativeTarget "Shuttle Tracker" */;
			buildPhases = (
				AE58EFE3E46C948E4BA674BC /* Check Pods Manifest.lock */,
				338B84941A6CB6D500B20258 /* Sources */,
				338B84951A6CB6D500B20258 /* Frameworks */,
				338B84961A6CB6D500B20258 /* Resources */,
				080F5DC2990EC13C8A00439C /* Copy Pods Resources */,
				F7C9BCAF84B8424F9194D622 /* Embed Pods Frameworks */,
			);
			buildRules = (
			);
			dependencies = (
			);
			name = "Shuttle Tracker";
			productName = "Shuttle Tracker (Swift)";
			productReference = 338B84981A6CB6D500B20258 /* Shuttle Tracker.app */;
			productType = "com.apple.product-type.application";
		};
		338B84AC1A6CB6D500B20258 /* Shuttle Tracker (Swift)Tests */ = {
			isa = PBXNativeTarget;
			buildConfigurationList = 338B84BA1A6CB6D500B20258 /* Build configuration list for PBXNativeTarget "Shuttle Tracker (Swift)Tests" */;
			buildPhases = (
				338B84A91A6CB6D500B20258 /* Sources */,
				338B84AA1A6CB6D500B20258 /* Frameworks */,
				338B84AB1A6CB6D500B20258 /* Resources */,
			);
			buildRules = (
			);
			dependencies = (
				338B84AF1A6CB6D500B20258 /* PBXTargetDependency */,
			);
			name = "Shuttle Tracker (Swift)Tests";
			productName = "Shuttle Tracker (Swift)Tests";
			productReference = 338B84AD1A6CB6D500B20258 /* Shuttle Tracker (Swift)Tests.xctest */;
			productType = "com.apple.product-type.bundle.unit-test";
		};
/* End PBXNativeTarget section */

/* Begin PBXProject section */
		338B84901A6CB6D500B20258 /* Project object */ = {
			isa = PBXProject;
			attributes = {
				LastUpgradeCheck = 0610;
				ORGANIZATIONNAME = "Seton Hill University";
				TargetAttributes = {
					338B84971A6CB6D500B20258 = {
						CreatedOnToolsVersion = 6.1.1;
						DevelopmentTeam = LSS8D2J74J;
					};
					338B84AC1A6CB6D500B20258 = {
						CreatedOnToolsVersion = 6.1.1;
						TestTargetID = 338B84971A6CB6D500B20258;
					};
				};
			};
			buildConfigurationList = 338B84931A6CB6D500B20258 /* Build configuration list for PBXProject "Shuttle Tracker (Swift)" */;
			compatibilityVersion = "Xcode 3.2";
			developmentRegion = English;
			hasScannedForEncodings = 0;
			knownRegions = (
				en,
				Base,
			);
			mainGroup = 338B848F1A6CB6D500B20258;
			productRefGroup = 338B84991A6CB6D500B20258 /* Products */;
			projectDirPath = "";
			projectRoot = "";
			targets = (
				338B84971A6CB6D500B20258 /* Shuttle Tracker */,
				338B84AC1A6CB6D500B20258 /* Shuttle Tracker (Swift)Tests */,
			);
		};
/* End PBXProject section */

/* Begin PBXResourcesBuildPhase section */
		338B84961A6CB6D500B20258 /* Resources */ = {
			isa = PBXResourcesBuildPhase;
			buildActionMask = 2147483647;
			files = (
				338B84A31A6CB6D500B20258 /* Main.storyboard in Resources */,
				33FC588E1A73FBCA002505D5 /* BaseDefaults.plist in Resources */,
				338B84A81A6CB6D500B20258 /* LaunchScreen.xib in Resources */,
				332E8ACF1A830E490006FC21 /* STWebViewController.xib in Resources */,
				338B84A51A6CB6D500B20258 /* Images.xcassets in Resources */,
			);
			runOnlyForDeploymentPostprocessing = 0;
		};
		338B84AB1A6CB6D500B20258 /* Resources */ = {
			isa = PBXResourcesBuildPhase;
			buildActionMask = 2147483647;
			files = (
			);
			runOnlyForDeploymentPostprocessing = 0;
		};
/* End PBXResourcesBuildPhase section */

/* Begin PBXShellScriptBuildPhase section */
		080F5DC2990EC13C8A00439C /* Copy Pods Resources */ = {
			isa = PBXShellScriptBuildPhase;
			buildActionMask = 2147483647;
			files = (
			);
			inputPaths = (
			);
			name = "Copy Pods Resources";
			outputPaths = (
			);
			runOnlyForDeploymentPostprocessing = 0;
			shellPath = /bin/sh;
			shellScript = "\"${SRCROOT}/Pods/Target Support Files/Pods/Pods-resources.sh\"\n";
			showEnvVarsInLog = 0;
		};
		AE58EFE3E46C948E4BA674BC /* Check Pods Manifest.lock */ = {
			isa = PBXShellScriptBuildPhase;
			buildActionMask = 2147483647;
			files = (
			);
			inputPaths = (
			);
			name = "Check Pods Manifest.lock";
			outputPaths = (
			);
			runOnlyForDeploymentPostprocessing = 0;
			shellPath = /bin/sh;
			shellScript = "diff \"${PODS_ROOT}/../Podfile.lock\" \"${PODS_ROOT}/Manifest.lock\" > /dev/null\nif [[ $? != 0 ]] ; then\n    cat << EOM\nerror: The sandbox is not in sync with the Podfile.lock. Run 'pod install' or update your CocoaPods installation.\nEOM\n    exit 1\nfi\n";
			showEnvVarsInLog = 0;
		};
		F7C9BCAF84B8424F9194D622 /* Embed Pods Frameworks */ = {
			isa = PBXShellScriptBuildPhase;
			buildActionMask = 2147483647;
			files = (
			);
			inputPaths = (
			);
			name = "Embed Pods Frameworks";
			outputPaths = (
			);
			runOnlyForDeploymentPostprocessing = 0;
			shellPath = /bin/sh;
			shellScript = "\"${SRCROOT}/Pods/Target Support Files/Pods/Pods-frameworks.sh\"\n";
			showEnvVarsInLog = 0;
		};
/* End PBXShellScriptBuildPhase section */

/* Begin PBXSourcesBuildPhase section */
		338B84941A6CB6D500B20258 /* Sources */ = {
			isa = PBXSourcesBuildPhase;
			buildActionMask = 2147483647;
			files = (
				33FC58C41A74941F002505D5 /* STShuttle.swift in Sources */,
				33E28CBF1A8D8E1F001778CE /* STPolyline.swift in Sources */,
				334338641A6D50AD005AE689 /* STMasterTableViewController.swift in Sources */,
				33FC58901A743332002505D5 /* NSNotificationCenter+RemoteConfiguration.swift in Sources */,
				3328FD4E1A8C32AF00AAE017 /* STPolylineRenderer.swift in Sources */,
				3328FD501A8C45B100AAE017 /* STPolygonRenderer.swift in Sources */,
				3328FD541A8C4E9500AAE017 /* STPolygon.swift in Sources */,
				3313BBEE1A94AA8B00DC7B5E /* UIColor+Hex.swift in Sources */,
				33FC58C21A748735002505D5 /* STShuttleDataManager.swift in Sources */,
				338B849E1A6CB6D500B20258 /* STAppDelegate.swift in Sources */,
				334338621A6D4E3C005AE689 /* STMapViewController.swift in Sources */,
				332E8ACD1A830B150006FC21 /* STWebViewController.swift in Sources */,
				333D82C61A7733130077C607 /* STShuttleAnnotationView.swift in Sources */,
				33FC588C1A73EBFE002505D5 /* STRemoteConfigurationManager.swift in Sources */,
			);
			runOnlyForDeploymentPostprocessing = 0;
		};
		338B84A91A6CB6D500B20258 /* Sources */ = {
			isa = PBXSourcesBuildPhase;
			buildActionMask = 2147483647;
			files = (
				338B84B41A6CB6D500B20258 /* Shuttle_Tracker__Swift_Tests.swift in Sources */,
			);
			runOnlyForDeploymentPostprocessing = 0;
		};
/* End PBXSourcesBuildPhase section */

/* Begin PBXTargetDependency section */
		338B84AF1A6CB6D500B20258 /* PBXTargetDependency */ = {
			isa = PBXTargetDependency;
			target = 338B84971A6CB6D500B20258 /* Shuttle Tracker */;
			targetProxy = 338B84AE1A6CB6D500B20258 /* PBXContainerItemProxy */;
		};
/* End PBXTargetDependency section */

/* Begin PBXVariantGroup section */
		338B84A11A6CB6D500B20258 /* Main.storyboard */ = {
			isa = PBXVariantGroup;
			children = (
				338B84A21A6CB6D500B20258 /* Base */,
			);
			name = Main.storyboard;
			sourceTree = "<group>";
		};
		338B84A61A6CB6D500B20258 /* LaunchScreen.xib */ = {
			isa = PBXVariantGroup;
			children = (
				338B84A71A6CB6D500B20258 /* Base */,
			);
			name = LaunchScreen.xib;
			sourceTree = "<group>";
		};
/* End PBXVariantGroup section */

/* Begin XCBuildConfiguration section */
		338B84B51A6CB6D500B20258 /* Debug */ = {
			isa = XCBuildConfiguration;
			buildSettings = {
				ALWAYS_SEARCH_USER_PATHS = NO;
				CLANG_CXX_LANGUAGE_STANDARD = "gnu++0x";
				CLANG_CXX_LIBRARY = "libc++";
				CLANG_ENABLE_MODULES = YES;
				CLANG_ENABLE_OBJC_ARC = YES;
				CLANG_WARN_BOOL_CONVERSION = YES;
				CLANG_WARN_CONSTANT_CONVERSION = YES;
				CLANG_WARN_DIRECT_OBJC_ISA_USAGE = YES_ERROR;
				CLANG_WARN_EMPTY_BODY = YES;
				CLANG_WARN_ENUM_CONVERSION = YES;
				CLANG_WARN_INT_CONVERSION = YES;
				CLANG_WARN_OBJC_ROOT_CLASS = YES_ERROR;
				CLANG_WARN_UNREACHABLE_CODE = YES;
				CLANG_WARN__DUPLICATE_METHOD_MATCH = YES;
				"CODE_SIGN_IDENTITY[sdk=iphoneos*]" = "iPhone Developer";
				COPY_PHASE_STRIP = NO;
				ENABLE_STRICT_OBJC_MSGSEND = YES;
				GCC_C_LANGUAGE_STANDARD = gnu99;
				GCC_DYNAMIC_NO_PIC = NO;
				GCC_OPTIMIZATION_LEVEL = 0;
				GCC_PREPROCESSOR_DEFINITIONS = (
					"DEBUG=1",
					"$(inherited)",
				);
				GCC_SYMBOLS_PRIVATE_EXTERN = NO;
				GCC_WARN_64_TO_32_BIT_CONVERSION = YES;
				GCC_WARN_ABOUT_RETURN_TYPE = YES_ERROR;
				GCC_WARN_UNDECLARED_SELECTOR = YES;
				GCC_WARN_UNINITIALIZED_AUTOS = YES_AGGRESSIVE;
				GCC_WARN_UNUSED_FUNCTION = YES;
				GCC_WARN_UNUSED_VARIABLE = YES;
				IPHONEOS_DEPLOYMENT_TARGET = 8.1;
				MTL_ENABLE_DEBUG_INFO = YES;
				ONLY_ACTIVE_ARCH = YES;
				SDKROOT = iphoneos;
				SWIFT_OPTIMIZATION_LEVEL = "-Onone";
				TARGETED_DEVICE_FAMILY = "1,2";
			};
			name = Debug;
		};
		338B84B61A6CB6D500B20258 /* Release */ = {
			isa = XCBuildConfiguration;
			buildSettings = {
				ALWAYS_SEARCH_USER_PATHS = NO;
				CLANG_CXX_LANGUAGE_STANDARD = "gnu++0x";
				CLANG_CXX_LIBRARY = "libc++";
				CLANG_ENABLE_MODULES = YES;
				CLANG_ENABLE_OBJC_ARC = YES;
				CLANG_WARN_BOOL_CONVERSION = YES;
				CLANG_WARN_CONSTANT_CONVERSION = YES;
				CLANG_WARN_DIRECT_OBJC_ISA_USAGE = YES_ERROR;
				CLANG_WARN_EMPTY_BODY = YES;
				CLANG_WARN_ENUM_CONVERSION = YES;
				CLANG_WARN_INT_CONVERSION = YES;
				CLANG_WARN_OBJC_ROOT_CLASS = YES_ERROR;
				CLANG_WARN_UNREACHABLE_CODE = YES;
				CLANG_WARN__DUPLICATE_METHOD_MATCH = YES;
				"CODE_SIGN_IDENTITY[sdk=iphoneos*]" = "iPhone Distribution";
				COPY_PHASE_STRIP = YES;
				ENABLE_NS_ASSERTIONS = NO;
				ENABLE_STRICT_OBJC_MSGSEND = YES;
				GCC_C_LANGUAGE_STANDARD = gnu99;
				GCC_WARN_64_TO_32_BIT_CONVERSION = YES;
				GCC_WARN_ABOUT_RETURN_TYPE = YES_ERROR;
				GCC_WARN_UNDECLARED_SELECTOR = YES;
				GCC_WARN_UNINITIALIZED_AUTOS = YES_AGGRESSIVE;
				GCC_WARN_UNUSED_FUNCTION = YES;
				GCC_WARN_UNUSED_VARIABLE = YES;
				IPHONEOS_DEPLOYMENT_TARGET = 8.1;
				MTL_ENABLE_DEBUG_INFO = NO;
				SDKROOT = iphoneos;
				TARGETED_DEVICE_FAMILY = "1,2";
				VALIDATE_PRODUCT = YES;
			};
			name = Release;
		};
		338B84B81A6CB6D500B20258 /* Debug */ = {
			isa = XCBuildConfiguration;
			baseConfigurationReference = 3AF6AFB84FEBB310F90745AE /* Pods.debug.xcconfig */;
			buildSettings = {
				ASSETCATALOG_COMPILER_APPICON_NAME = AppIcon;
				CODE_SIGN_IDENTITY = "iPhone Developer";
				"CODE_SIGN_IDENTITY[sdk=iphoneos*]" = "iPhone Developer";
				INFOPLIST_FILE = "Shuttle Tracker (Swift)/Info.plist";
				IPHONEOS_DEPLOYMENT_TARGET = 8.0;
				LD_RUNPATH_SEARCH_PATHS = "$(inherited) @executable_path/Frameworks";
				PRODUCT_NAME = "$(TARGET_NAME)";
				PROVISIONING_PROFILE = "";
				SWIFT_OBJC_BRIDGING_HEADER = "Shuttle Tracker (Swift)/ST-Bridging-Header.h";
			};
			name = Debug;
		};
		338B84B91A6CB6D500B20258 /* Release */ = {
			isa = XCBuildConfiguration;
			baseConfigurationReference = E02B4E3073CD16D6307FCF11 /* Pods.release.xcconfig */;
			buildSettings = {
				ASSETCATALOG_COMPILER_APPICON_NAME = AppIcon;
				CODE_SIGN_IDENTITY = "iPhone Distribution";
				"CODE_SIGN_IDENTITY[sdk=iphoneos*]" = "iPhone Distribution";
				INFOPLIST_FILE = "Shuttle Tracker (Swift)/Info.plist";
				IPHONEOS_DEPLOYMENT_TARGET = 8.0;
				LD_RUNPATH_SEARCH_PATHS = "$(inherited) @executable_path/Frameworks";
				PRODUCT_NAME = "$(TARGET_NAME)";
				PROVISIONING_PROFILE = "";
				SWIFT_OBJC_BRIDGING_HEADER = "Shuttle Tracker (Swift)/ST-Bridging-Header.h";
			};
			name = Release;
		};
		338B84BB1A6CB6D500B20258 /* Debug */ = {
			isa = XCBuildConfiguration;
			buildSettings = {
				BUNDLE_LOADER = "$(TEST_HOST)";
				FRAMEWORK_SEARCH_PATHS = (
					"$(SDKROOT)/Developer/Library/Frameworks",
					"$(inherited)",
				);
				GCC_PREPROCESSOR_DEFINITIONS = (
					"DEBUG=1",
					"$(inherited)",
				);
				INFOPLIST_FILE = "Shuttle Tracker (Swift)Tests/Info.plist";
				LD_RUNPATH_SEARCH_PATHS = "$(inherited) @executable_path/Frameworks @loader_path/Frameworks";
				PRODUCT_NAME = "$(TARGET_NAME)";
				TEST_HOST = "$(BUILT_PRODUCTS_DIR)/Shuttle Tracker.app/Shuttle Tracker";
			};
			name = Debug;
		};
		338B84BC1A6CB6D500B20258 /* Release */ = {
			isa = XCBuildConfiguration;
			buildSettings = {
				BUNDLE_LOADER = "$(TEST_HOST)";
				FRAMEWORK_SEARCH_PATHS = (
					"$(SDKROOT)/Developer/Library/Frameworks",
					"$(inherited)",
				);
				INFOPLIST_FILE = "Shuttle Tracker (Swift)Tests/Info.plist";
				LD_RUNPATH_SEARCH_PATHS = "$(inherited) @executable_path/Frameworks @loader_path/Frameworks";
				PRODUCT_NAME = "$(TARGET_NAME)";
				TEST_HOST = "$(BUILT_PRODUCTS_DIR)/Shuttle Tracker.app/Shuttle Tracker";
			};
			name = Release;
		};
/* End XCBuildConfiguration section */

/* Begin XCConfigurationList section */
		338B84931A6CB6D500B20258 /* Build configuration list for PBXProject "Shuttle Tracker (Swift)" */ = {
			isa = XCConfigurationList;
			buildConfigurations = (
				338B84B51A6CB6D500B20258 /* Debug */,
				338B84B61A6CB6D500B20258 /* Release */,
			);
			defaultConfigurationIsVisible = 0;
			defaultConfigurationName = Release;
		};
		338B84B71A6CB6D500B20258 /* Build configuration list for PBXNativeTarget "Shuttle Tracker" */ = {
			isa = XCConfigurationList;
			buildConfigurations = (
				338B84B81A6CB6D500B20258 /* Debug */,
				338B84B91A6CB6D500B20258 /* Release */,
			);
			defaultConfigurationIsVisible = 0;
			defaultConfigurationName = Release;
		};
		338B84BA1A6CB6D500B20258 /* Build configuration list for PBXNativeTarget "Shuttle Tracker (Swift)Tests" */ = {
			isa = XCConfigurationList;
			buildConfigurations = (
				338B84BB1A6CB6D500B20258 /* Debug */,
				338B84BC1A6CB6D500B20258 /* Release */,
			);
			defaultConfigurationIsVisible = 0;
			defaultConfigurationName = Release;
		};
/* End XCConfigurationList section */
	};
	rootObject = 338B84901A6CB6D500B20258 /* Project object */;
}
